
Microsoft Visual Studio Solution File, Format Version 12.00
# Visual Studio Version 17
VisualStudioVersion = 17.5.002.0
MinimumVisualStudioVersion = 10.0.40219.1
Project("{9A19103F-16F7-4668-BE54-9A1E7A4F7556}") = "Calculadora", "Calculadora.csproj", "{B591577A-7C20-48CC-923E-82D2FF2A5F0E}"
EndProject
Global
	GlobalSection(SolutionConfigurationPlatforms) = preSolution
		Debug|Any CPU = Debug|Any CPU
		Release|Any CPU = Release|Any CPU
	EndGlobalSection
	GlobalSection(ProjectConfigurationPlatforms) = postSolution
		{B591577A-7C20-48CC-923E-82D2FF2A5F0E}.Debug|Any CPU.ActiveCfg = Debug|Any CPU
		{B591577A-7C20-48CC-923E-82D2FF2A5F0E}.Debug|Any CPU.Build.0 = Debug|Any CPU
		{B591577A-7C20-48CC-923E-82D2FF2A5F0E}.Release|Any CPU.ActiveCfg = Release|Any CPU
		{B591577A-7C20-48CC-923E-82D2FF2A5F0E}.Release|Any CPU.Build.0 = Release|Any CPU
	EndGlobalSection
	GlobalSection(SolutionProperties) = preSolution
		HideSolutionNode = FALSE
	EndGlobalSection
	GlobalSection(ExtensibilityGlobals) = postSolution
		SolutionGuid = {EE9B45B8-5783-475C-AF4F-7F43B13B9B07}
	EndGlobalSection
EndGlobal
